
Microsoft Visual Studio Solution File, Format Version 12.00
# Visual Studio 15
VisualStudioVersion = 15.0.28307.438
MinimumVisualStudioVersion = 10.0.40219.1
Project("{FAE04EC0-301F-11D3-BF4B-00C04F79EFBC}") = "GetMeARide", "GetMeARide\GetMeARide.csproj", "{C123A24F-20B9-4CB2-A40D-F2AC6ADA8EBD}"
EndProject
Global
	GlobalSection(SolutionConfigurationPlatforms) = preSolution
		Debug|Any CPU = Debug|Any CPU
		Release|Any CPU = Release|Any CPU
	EndGlobalSection
	GlobalSection(ProjectConfigurationPlatforms) = postSolution
		{C123A24F-20B9-4CB2-A40D-F2AC6ADA8EBD}.Debug|Any CPU.ActiveCfg = Debug|Any CPU
		{C123A24F-20B9-4CB2-A40D-F2AC6ADA8EBD}.Debug|Any CPU.Build.0 = Debug|Any CPU
		{C123A24F-20B9-4CB2-A40D-F2AC6ADA8EBD}.Release|Any CPU.ActiveCfg = Release|Any CPU
		{C123A24F-20B9-4CB2-A40D-F2AC6ADA8EBD}.Release|Any CPU.Build.0 = Release|Any CPU
	EndGlobalSection
	GlobalSection(SolutionProperties) = preSolution
		HideSolutionNode = FALSE
	EndGlobalSection
	GlobalSection(ExtensibilityGlobals) = postSolution
		SolutionGuid = {BEFD60B0-B98E-4DB2-A312-5B0E82E325A6}
	EndGlobalSection
EndGlobal
